
Microsoft Visual Studio Solution File, Format Version 12.00
# Visual Studio Version 17
VisualStudioVersion = 17.13.35825.156 d17.13
MinimumVisualStudioVersion = 10.0.40219.1
Project("{FAE04EC0-301F-11D3-BF4B-00C04F79EFBC}") = "WinFormsApp1", "WinFormsApp1\WinFormsApp1.csproj", "{315C2D36-DE7D-4240-92FB-1AD7F12B58A3}"
EndProject
Global
	GlobalSection(SolutionConfigurationPlatforms) = preSolution
		Debug|Any CPU = Debug|Any CPU
		Release|Any CPU = Release|Any CPU
	EndGlobalSection
	GlobalSection(ProjectConfigurationPlatforms) = postSolution
		{315C2D36-DE7D-4240-92FB-1AD7F12B58A3}.Debug|Any CPU.ActiveCfg = Debug|Any CPU
		{315C2D36-DE7D-4240-92FB-1AD7F12B58A3}.Debug|Any CPU.Build.0 = Debug|Any CPU
		{315C2D36-DE7D-4240-92FB-1AD7F12B58A3}.Release|Any CPU.ActiveCfg = Release|Any CPU
		{315C2D36-DE7D-4240-92FB-1AD7F12B58A3}.Release|Any CPU.Build.0 = Release|Any CPU
	EndGlobalSection
	GlobalSection(SolutionProperties) = preSolution
		HideSolutionNode = FALSE
	EndGlobalSection
	GlobalSection(ExtensibilityGlobals) = postSolution
		SolutionGuid = {C535E794-6A1C-430F-9144-05A39EB662CE}
	EndGlobalSection
EndGlobal
